// !$*UTF8*$!
{
	archiveVersion = 1;
	classes = {
	};
	objectVersion = 46;
	objects = {

/* Begin PBXBuildFile section */
		C03355161F4ADE55003DAD04 /* Connection.swift in Sources */ = {isa = PBXBuildFile; fileRef = C03355151F4ADE55003DAD04 /* Connection.swift */; };
		C0F61CBA1F41696100F641E3 /* AppDelegate.swift in Sources */ = {isa = PBXBuildFile; fileRef = C0F61CB91F41696100F641E3 /* AppDelegate.swift */; };
		C0F61CBC1F41696100F641E3 /* ViewController.swift in Sources */ = {isa = PBXBuildFile; fileRef = C0F61CBB1F41696100F641E3 /* ViewController.swift */; };
		C0F61CBF1F41696100F641E3 /* Main.storyboard in Resources */ = {isa = PBXBuildFile; fileRef = C0F61CBD1F41696100F641E3 /* Main.storyboard */; };
		C0F61CC11F41696100F641E3 /* Assets.xcassets in Resources */ = {isa = PBXBuildFile; fileRef = C0F61CC01F41696100F641E3 /* Assets.xcassets */; };
		C0F61CC41F41696100F641E3 /* LaunchScreen.storyboard in Resources */ = {isa = PBXBuildFile; fileRef = C0F61CC21F41696100F641E3 /* LaunchScreen.storyboard */; };
		C0F61CCF1F41696100F641E3 /* LocationAndDirectionTests.swift in Sources */ = {isa = PBXBuildFile; fileRef = C0F61CCE1F41696100F641E3 /* LocationAndDirectionTests.swift */; };
		C0F61CDA1F41696100F641E3 /* LocationAndDirectionUITests.swift in Sources */ = {isa = PBXBuildFile; fileRef = C0F61CD91F41696100F641E3 /* LocationAndDirectionUITests.swift */; };
		C0F61CF41F41713400F641E3 /* HereLocationView.swift in Sources */ = {isa = PBXBuildFile; fileRef = C0F61CF31F41713400F641E3 /* HereLocationView.swift */; };
		C0F61CF61F41715500F641E3 /* PurposeLocationView.swift in Sources */ = {isa = PBXBuildFile; fileRef = C0F61CF51F41715500F641E3 /* PurposeLocationView.swift */; };
		C0F61CF81F41717300F641E3 /* CompassView.swift in Sources */ = {isa = PBXBuildFile; fileRef = C0F61CF71F41717300F641E3 /* CompassView.swift */; };
		C0F61CFE1F41740B00F641E3 /* CoreLocation.framework in Frameworks */ = {isa = PBXBuildFile; fileRef = C0F61CFD1F41740B00F641E3 /* CoreLocation.framework */; };
/* End PBXBuildFile section */

/* Begin PBXContainerItemProxy section */
		C0F61CCB1F41696100F641E3 /* PBXContainerItemProxy */ = {
			isa = PBXContainerItemProxy;
			containerPortal = C0F61CAE1F41696100F641E3 /* Project object */;
			proxyType = 1;
			remoteGlobalIDString = C0F61CB51F41696100F641E3;
			remoteInfo = LocationAndDirection;
		};
		C0F61CD61F41696100F641E3 /* PBXContainerItemProxy */ = {
			isa = PBXContainerItemProxy;
			containerPortal = C0F61CAE1F41696100F641E3 /* Project object */;
			proxyType = 1;
			remoteGlobalIDString = C0F61CB51F41696100F641E3;
			remoteInfo = LocationAndDirection;
		};
/* End PBXContainerItemProxy section */

/* Begin PBXFileReference section */
		C03355151F4ADE55003DAD04 /* Connection.swift */ = {isa = PBXFileReference; fileEncoding = 4; lastKnownFileType = sourcecode.swift; path = Connection.swift; sourceTree = "<group>"; };
		C0F61CB61F41696100F641E3 /* LocationAndDirection.app */ = {isa = PBXFileReference; explicitFileType = wrapper.application; includeInIndex = 0; path = LocationAndDirection.app; sourceTree = BUILT_PRODUCTS_DIR; };
		C0F61CB91F41696100F641E3 /* AppDelegate.swift */ = {isa = PBXFileReference; lastKnownFileType = sourcecode.swift; path = AppDelegate.swift; sourceTree = "<group>"; };
		C0F61CBB1F41696100F641E3 /* ViewController.swift */ = {isa = PBXFileReference; lastKnownFileType = sourcecode.swift; path = ViewController.swift; sourceTree = "<group>"; };
		C0F61CBE1F41696100F641E3 /* Base */ = {isa = PBXFileReference; lastKnownFileType = file.storyboard; name = Base; path = Base.lproj/Main.storyboard; sourceTree = "<group>"; };
		C0F61CC01F41696100F641E3 /* Assets.xcassets */ = {isa = PBXFileReference; lastKnownFileType = folder.assetcatalog; path = Assets.xcassets; sourceTree = "<group>"; };
		C0F61CC31F41696100F641E3 /* Base */ = {isa = PBXFileReference; lastKnownFileType = file.storyboard; name = Base; path = Base.lproj/LaunchScreen.storyboard; sourceTree = "<group>"; };
		C0F61CC51F41696100F641E3 /* Info.plist */ = {isa = PBXFileReference; lastKnownFileType = text.plist.xml; path = Info.plist; sourceTree = "<group>"; };
		C0F61CCA1F41696100F641E3 /* LocationAndDirectionTests.xctest */ = {isa = PBXFileReference; explicitFileType = wrapper.cfbundle; includeInIndex = 0; path = LocationAndDirectionTests.xctest; sourceTree = BUILT_PRODUCTS_DIR; };
		C0F61CCE1F41696100F641E3 /* LocationAndDirectionTests.swift */ = {isa = PBXFileReference; lastKnownFileType = sourcecode.swift; path = LocationAndDirectionTests.swift; sourceTree = "<group>"; };
		C0F61CD01F41696100F641E3 /* Info.plist */ = {isa = PBXFileReference; lastKnownFileType = text.plist.xml; path = Info.plist; sourceTree = "<group>"; };
		C0F61CD51F41696100F641E3 /* LocationAndDirectionUITests.xctest */ = {isa = PBXFileReference; explicitFileType = wrapper.cfbundle; includeInIndex = 0; path = LocationAndDirectionUITests.xctest; sourceTree = BUILT_PRODUCTS_DIR; };
		C0F61CD91F41696100F641E3 /* LocationAndDirectionUITests.swift */ = {isa = PBXFileReference; lastKnownFileType = sourcecode.swift; path = LocationAndDirectionUITests.swift; sourceTree = "<group>"; };
		C0F61CDB1F41696100F641E3 /* Info.plist */ = {isa = PBXFileReference; lastKnownFileType = text.plist.xml; path = Info.plist; sourceTree = "<group>"; };
		C0F61CF31F41713400F641E3 /* HereLocationView.swift */ = {isa = PBXFileReference; fileEncoding = 4; lastKnownFileType = sourcecode.swift; path = HereLocationView.swift; sourceTree = "<group>"; };
		C0F61CF51F41715500F641E3 /* PurposeLocationView.swift */ = {isa = PBXFileReference; fileEncoding = 4; lastKnownFileType = sourcecode.swift; path = PurposeLocationView.swift; sourceTree = "<group>"; };
		C0F61CF71F41717300F641E3 /* CompassView.swift */ = {isa = PBXFileReference; fileEncoding = 4; lastKnownFileType = sourcecode.swift; path = CompassView.swift; sourceTree = "<group>"; };
		C0F61CFD1F41740B00F641E3 /* CoreLocation.framework */ = {isa = PBXFileReference; lastKnownFileType = wrapper.framework; name = CoreLocation.framework; path = System/Library/Frameworks/CoreLocation.framework; sourceTree = SDKROOT; };
/* End PBXFileReference section */

/* Begin PBXFrameworksBuildPhase section */
		C0F61CB31F41696100F641E3 /* Frameworks */ = {
			isa = PBXFrameworksBuildPhase;
			buildActionMask = 2147483647;
			files = (
				C0F61CFE1F41740B00F641E3 /* CoreLocation.framework in Frameworks */,
			);
			runOnlyForDeploymentPostprocessing = 0;
		};
		C0F61CC71F41696100F641E3 /* Frameworks */ = {
			isa = PBXFrameworksBuildPhase;
			buildActionMask = 2147483647;
			files = (
			);
			runOnlyForDeploymentPostprocessing = 0;
		};
		C0F61CD21F41696100F641E3 /* Frameworks */ = {
			isa = PBXFrameworksBuildPhase;
			buildActionMask = 2147483647;
			files = (
			);
			runOnlyForDeploymentPostprocessing = 0;
		};
/* End PBXFrameworksBuildPhase section */

/* Begin PBXGroup section */
		C0F61CAD1F41696100F641E3 = {
			isa = PBXGroup;
			children = (
				C0F61CB81F41696100F641E3 /* LocationAndDirection */,
				C0F61CCD1F41696100F641E3 /* LocationAndDirectionTests */,
				C0F61CD81F41696100F641E3 /* LocationAndDirectionUITests */,
				C0F61CB71F41696100F641E3 /* Products */,
				C0F61CFC1F41740A00F641E3 /* Frameworks */,
			);
			sourceTree = "<group>";
		};
		C0F61CB71F41696100F641E3 /* Products */ = {
			isa = PBXGroup;
			children = (
				C0F61CB61F41696100F641E3 /* LocationAndDirection.app */,
				C0F61CCA1F41696100F641E3 /* LocationAndDirectionTests.xctest */,
				C0F61CD51F41696100F641E3 /* LocationAndDirectionUITests.xctest */,
			);
			name = Products;
			sourceTree = "<group>";
		};
		C0F61CB81F41696100F641E3 /* LocationAndDirection */ = {
			isa = PBXGroup;
			children = (
				C0F61CB91F41696100F641E3 /* AppDelegate.swift */,
				C0F61CBB1F41696100F641E3 /* ViewController.swift */,
				C0F61CBD1F41696100F641E3 /* Main.storyboard */,
				C0F61CC01F41696100F641E3 /* Assets.xcassets */,
				C0F61CC21F41696100F641E3 /* LaunchScreen.storyboard */,
				C0F61CC51F41696100F641E3 /* Info.plist */,
				C0F61CF31F41713400F641E3 /* HereLocationView.swift */,
				C0F61CF51F41715500F641E3 /* PurposeLocationView.swift */,
				C0F61CF71F41717300F641E3 /* CompassView.swift */,
				C03355151F4ADE55003DAD04 /* Connection.swift */,
			);
			path = LocationAndDirection;
			sourceTree = "<group>";
		};
		C0F61CCD1F41696100F641E3 /* LocationAndDirectionTests */ = {
			isa = PBXGroup;
			children = (
				C0F61CCE1F41696100F641E3 /* LocationAndDirectionTests.swift */,
				C0F61CD01F41696100F641E3 /* Info.plist */,
			);
			path = LocationAndDirectionTests;
			sourceTree = "<group>";
		};
		C0F61CD81F41696100F641E3 /* LocationAndDirectionUITests */ = {
			isa = PBXGroup;
			children = (
				C0F61CD91F41696100F641E3 /* LocationAndDirectionUITests.swift */,
				C0F61CDB1F41696100F641E3 /* Info.plist */,
			);
			path = LocationAndDirectionUITests;
			sourceTree = "<group>";
		};
		C0F61CFC1F41740A00F641E3 /* Frameworks */ = {
			isa = PBXGroup;
			children = (
				C0F61CFD1F41740B00F641E3 /* CoreLocation.framework */,
			);
			name = Frameworks;
			sourceTree = "<group>";
		};
/* End PBXGroup section */

/* Begin PBXNativeTarget section */
		C0F61CB51F41696100F641E3 /* LocationAndDirection */ = {
			isa = PBXNativeTarget;
			buildConfigurationList = C0F61CDE1F41696100F641E3 /* Build configuration list for PBXNativeTarget "LocationAndDirection" */;
			buildPhases = (
				C0F61CB21F41696100F641E3 /* Sources */,
				C0F61CB31F41696100F641E3 /* Frameworks */,
				C0F61CB41F41696100F641E3 /* Resources */,
			);
			buildRules = (
			);
			dependencies = (
			);
			name = LocationAndDirection;
			productName = LocationAndDirection;
			productReference = C0F61CB61F41696100F641E3 /* LocationAndDirection.app */;
			productType = "com.apple.product-type.application";
		};
		C0F61CC91F41696100F641E3 /* LocationAndDirectionTests */ = {
			isa = PBXNativeTarget;
			buildConfigurationList = C0F61CE11F41696100F641E3 /* Build configuration list for PBXNativeTarget "LocationAndDirectionTests" */;
			buildPhases = (
				C0F61CC61F41696100F641E3 /* Sources */,
				C0F61CC71F41696100F641E3 /* Frameworks */,
				C0F61CC81F41696100F641E3 /* Resources */,
			);
			buildRules = (
			);
			dependencies = (
				C0F61CCC1F41696100F641E3 /* PBXTargetDependency */,
			);
			name = LocationAndDirectionTests;
			productName = LocationAndDirectionTests;
			productReference = C0F61CCA1F41696100F641E3 /* LocationAndDirectionTests.xctest */;
			productType = "com.apple.product-type.bundle.unit-test";
		};
		C0F61CD41F41696100F641E3 /* LocationAndDirectionUITests */ = {
			isa = PBXNativeTarget;
			buildConfigurationList = C0F61CE41F41696100F641E3 /* Build configuration list for PBXNativeTarget "LocationAndDirectionUITests" */;
			buildPhases = (
				C0F61CD11F41696100F641E3 /* Sources */,
				C0F61CD21F41696100F641E3 /* Frameworks */,
				C0F61CD31F41696100F641E3 /* Resources */,
			);
			buildRules = (
			);
			dependencies = (
				C0F61CD71F41696100F641E3 /* PBXTargetDependency */,
			);
			name = LocationAndDirectionUITests;
			productName = LocationAndDirectionUITests;
			productReference = C0F61CD51F41696100F641E3 /* LocationAndDirectionUITests.xctest */;
			productType = "com.apple.product-type.bundle.ui-testing";
		};
/* End PBXNativeTarget section */

/* Begin PBXProject section */
		C0F61CAE1F41696100F641E3 /* Project object */ = {
			isa = PBXProject;
			attributes = {
				LastSwiftUpdateCheck = 0830;
				LastUpgradeCheck = 0830;
				ORGANIZATIONNAME = "Atsuo Yonehara";
				TargetAttributes = {
					C0F61CB51F41696100F641E3 = {
						CreatedOnToolsVersion = 8.3.3;
						DevelopmentTeam = Z793E54W8T;
						ProvisioningStyle = Automatic;
					};
					C0F61CC91F41696100F641E3 = {
						CreatedOnToolsVersion = 8.3.3;
						DevelopmentTeam = Z793E54W8T;
						ProvisioningStyle = Automatic;
						TestTargetID = C0F61CB51F41696100F641E3;
					};
					C0F61CD41F41696100F641E3 = {
						CreatedOnToolsVersion = 8.3.3;
						DevelopmentTeam = Z793E54W8T;
						ProvisioningStyle = Automatic;
						TestTargetID = C0F61CB51F41696100F641E3;
					};
				};
			};
			buildConfigurationList = C0F61CB11F41696100F641E3 /* Build configuration list for PBXProject "LocationAndDirection" */;
			compatibilityVersion = "Xcode 3.2";
			developmentRegion = English;
			hasScannedForEncodings = 0;
			knownRegions = (
				en,
				Base,
			);
			mainGroup = C0F61CAD1F41696100F641E3;
			productRefGroup = C0F61CB71F41696100F641E3 /* Products */;
			projectDirPath = "";
			projectRoot = "";
			targets = (
				C0F61CB51F41696100F641E3 /* LocationAndDirection */,
				C0F61CC91F41696100F641E3 /* LocationAndDirectionTests */,
				C0F61CD41F41696100F641E3 /* LocationAndDirectionUITests */,
			);
		};
/* End PBXProject section */

/* Begin PBXResourcesBuildPhase section */
		C0F61CB41F41696100F641E3 /* Resources */ = {
			isa = PBXResourcesBuildPhase;
			buildActionMask = 2147483647;
			files = (
				C0F61CC41F41696100F641E3 /* LaunchScreen.storyboard in Resources */,
				C0F61CC11F41696100F641E3 /* Assets.xcassets in Resources */,
				C0F61CBF1F41696100F641E3 /* Main.storyboard in Resources */,
			);
			runOnlyForDeploymentPostprocessing = 0;
		};
		C0F61CC81F41696100F641E3 /* Resources */ = {
			isa = PBXResourcesBuildPhase;
			buildActionMask = 2147483647;
			files = (
			);
			runOnlyForDeploymentPostprocessing = 0;
		};
		C0F61CD31F41696100F641E3 /* Resources */ = {
			isa = PBXResourcesBuildPhase;
			buildActionMask = 2147483647;
			files = (
			);
			runOnlyForDeploymentPostprocessing = 0;
		};
/* End PBXResourcesBuildPhase section */

/* Begin PBXSourcesBuildPhase section */
		C0F61CB21F41696100F641E3 /* Sources */ = {
			isa = PBXSourcesBuildPhase;
			buildActionMask = 2147483647;
			files = (
				C0F61CBC1F41696100F641E3 /* ViewController.swift in Sources */,
				C03355161F4ADE55003DAD04 /* Connection.swift in Sources */,
				C0F61CBA1F41696100F641E3 /* AppDelegate.swift in Sources */,
				C0F61CF81F41717300F641E3 /* CompassView.swift in Sources */,
				C0F61CF61F41715500F641E3 /* PurposeLocationView.swift in Sources */,
				C0F61CF41F41713400F641E3 /* HereLocationView.swift in Sources */,
			);
			runOnlyForDeploymentPostprocessing = 0;
		};
		C0F61CC61F41696100F641E3 /* Sources */ = {
			isa = PBXSourcesBuildPhase;
			buildActionMask = 2147483647;
			files = (
				C0F61CCF1F41696100F641E3 /* LocationAndDirectionTests.swift in Sources */,
			);
			runOnlyForDeploymentPostprocessing = 0;
		};
		C0F61CD11F41696100F641E3 /* Sources */ = {
			isa = PBXSourcesBuildPhase;
			buildActionMask = 2147483647;
			files = (
				C0F61CDA1F41696100F641E3 /* LocationAndDirectionUITests.swift in Sources */,
			);
			runOnlyForDeploymentPostprocessing = 0;
		};
/* End PBXSourcesBuildPhase section */

/* Begin PBXTargetDependency section */
		C0F61CCC1F41696100F641E3 /* PBXTargetDependency */ = {
			isa = PBXTargetDependency;
			target = C0F61CB51F41696100F641E3 /* LocationAndDirection */;
			targetProxy = C0F61CCB1F41696100F641E3 /* PBXContainerItemProxy */;
		};
		C0F61CD71F41696100F641E3 /* PBXTargetDependency */ = {
			isa = PBXTargetDependency;
			target = C0F61CB51F41696100F641E3 /* LocationAndDirection */;
			targetProxy = C0F61CD61F41696100F641E3 /* PBXContainerItemProxy */;
		};
/* End PBXTargetDependency section */

/* Begin PBXVariantGroup section */
		C0F61CBD1F41696100F641E3 /* Main.storyboard */ = {
			isa = PBXVariantGroup;
			children = (
				C0F61CBE1F41696100F641E3 /* Base */,
			);
			name = Main.storyboard;
			sourceTree = "<group>";
		};
		C0F61CC21F41696100F641E3 /* LaunchScreen.storyboard */ = {
			isa = PBXVariantGroup;
			children = (
				C0F61CC31F41696100F641E3 /* Base */,
			);
			name = LaunchScreen.storyboard;
			sourceTree = "<group>";
		};
/* End PBXVariantGroup section */

/* Begin XCBuildConfiguration section */
		C0F61CDC1F41696100F641E3 /* Debug */ = {
			isa = XCBuildConfiguration;
			buildSettings = {
				ALWAYS_SEARCH_USER_PATHS = NO;
				CLANG_ANALYZER_NONNULL = YES;
				CLANG_ANALYZER_NUMBER_OBJECT_CONVERSION = YES_AGGRESSIVE;
				CLANG_CXX_LANGUAGE_STANDARD = "gnu++0x";
				CLANG_CXX_LIBRARY = "libc++";
				CLANG_ENABLE_MODULES = YES;
				CLANG_ENABLE_OBJC_ARC = YES;
				CLANG_WARN_BOOL_CONVERSION = YES;
				CLANG_WARN_CONSTANT_CONVERSION = YES;
				CLANG_WARN_DIRECT_OBJC_ISA_USAGE = YES_ERROR;
				CLANG_WARN_DOCUMENTATION_COMMENTS = YES;
				CLANG_WARN_EMPTY_BODY = YES;
				CLANG_WARN_ENUM_CONVERSION = YES;
				CLANG_WARN_INFINITE_RECURSION = YES;
				CLANG_WARN_INT_CONVERSION = YES;
				CLANG_WARN_OBJC_ROOT_CLASS = YES_ERROR;
				CLANG_WARN_SUSPICIOUS_MOVE = YES;
				CLANG_WARN_UNREACHABLE_CODE = YES;
				CLANG_WARN__DUPLICATE_METHOD_MATCH = YES;
				"CODE_SIGN_IDENTITY[sdk=iphoneos*]" = "iPhone Developer";
				COPY_PHASE_STRIP = NO;
				DEBUG_INFORMATION_FORMAT = dwarf;
				ENABLE_STRICT_OBJC_MSGSEND = YES;
				ENABLE_TESTABILITY = YES;
				GCC_C_LANGUAGE_STANDARD = gnu99;
				GCC_DYNAMIC_NO_PIC = NO;
				GCC_NO_COMMON_BLOCKS = YES;
				GCC_OPTIMIZATION_LEVEL = 0;
				GCC_PREPROCESSOR_DEFINITIONS = (
					"DEBUG=1",
					"$(inherited)",
				);
				GCC_WARN_64_TO_32_BIT_CONVERSION = YES;
				GCC_WARN_ABOUT_RETURN_TYPE = YES_ERROR;
				GCC_WARN_UNDECLARED_SELECTOR = YES;
				GCC_WARN_UNINITIALIZED_AUTOS = YES_AGGRESSIVE;
				GCC_WARN_UNUSED_FUNCTION = YES;
				GCC_WARN_UNUSED_VARIABLE = YES;
				IPHONEOS_DEPLOYMENT_TARGET = 10.3;
				MTL_ENABLE_DEBUG_INFO = YES;
				ONLY_ACTIVE_ARCH = YES;
				SDKROOT = iphoneos;
				SWIFT_ACTIVE_COMPILATION_CONDITIONS = DEBUG;
				SWIFT_OPTIMIZATION_LEVEL = "-Onone";
			};
			name = Debug;
		};
		C0F61CDD1F41696100F641E3 /* Release */ = {
			isa = XCBuildConfiguration;
			buildSettings = {
				ALWAYS_SEARCH_USER_PATHS = NO;
				CLANG_ANALYZER_NONNULL = YES;
				CLANG_ANALYZER_NUMBER_OBJECT_CONVERSION = YES_AGGRESSIVE;
				CLANG_CXX_LANGUAGE_STANDARD = "gnu++0x";
				CLANG_CXX_LIBRARY = "libc++";
				CLANG_ENABLE_MODULES = YES;
				CLANG_ENABLE_OBJC_ARC = YES;
				CLANG_WARN_BOOL_CONVERSION = YES;
				CLANG_WARN_CONSTANT_CONVERSION = YES;
				CLANG_WARN_DIRECT_OBJC_ISA_USAGE = YES_ERROR;
				CLANG_WARN_DOCUMENTATION_COMMENTS = YES;
				CLANG_WARN_EMPTY_BODY = YES;
				CLANG_WARN_ENUM_CONVERSION = YES;
				CLANG_WARN_INFINITE_RECURSION = YES;
				CLANG_WARN_INT_CONVERSION = YES;
				CLANG_WARN_OBJC_ROOT_CLASS = YES_ERROR;
				CLANG_WARN_SUSPICIOUS_MOVE = YES;
				CLANG_WARN_UNREACHABLE_CODE = YES;
				CLANG_WARN__DUPLICATE_METHOD_MATCH = YES;
				"CODE_SIGN_IDENTITY[sdk=iphoneos*]" = "iPhone Developer";
				COPY_PHASE_STRIP = NO;
				DEBUG_INFORMATION_FORMAT = "dwarf-with-dsym";
				ENABLE_NS_ASSERTIONS = NO;
				ENABLE_STRICT_OBJC_MSGSEND = YES;
				GCC_C_LANGUAGE_STANDARD = gnu99;
				GCC_NO_COMMON_BLOCKS = YES;
				GCC_WARN_64_TO_32_BIT_CONVERSION = YES;
				GCC_WARN_ABOUT_RETURN_TYPE = YES_ERROR;
				GCC_WARN_UNDECLARED_SELECTOR = YES;
				GCC_WARN_UNINITIALIZED_AUTOS = YES_AGGRESSIVE;
				GCC_WARN_UNUSED_FUNCTION = YES;
				GCC_WARN_UNUSED_VARIABLE = YES;
				IPHONEOS_DEPLOYMENT_TARGET = 10.3;
				MTL_ENABLE_DEBUG_INFO = NO;
				SDKROOT = iphoneos;
				SWIFT_OPTIMIZATION_LEVEL = "-Owholemodule";
				VALIDATE_PRODUCT = YES;
			};
			name = Release;
		};
		C0F61CDF1F41696100F641E3 /* Debug */ = {
			isa = XCBuildConfiguration;
			buildSettings = {
				ASSETCATALOG_COMPILER_APPICON_NAME = AppIcon;
				DEVELOPMENT_TEAM = Z793E54W8T;
				INFOPLIST_FILE = LocationAndDirection/Info.plist;
				LD_RUNPATH_SEARCH_PATHS = "$(inherited) @executable_path/Frameworks";
				PRODUCT_BUNDLE_IDENTIFIER = cps.LocationAndDirection;
				PRODUCT_NAME = "$(TARGET_NAME)";
				SWIFT_VERSION = 3.0;
			};
			name = Debug;
		};
		C0F61CE01F41696100F641E3 /* Release */ = {
			isa = XCBuildConfiguration;
			buildSettings = {
				ASSETCATALOG_COMPILER_APPICON_NAME = AppIcon;
				DEVELOPMENT_TEAM = Z793E54W8T;
				INFOPLIST_FILE = LocationAndDirection/Info.plist;
				LD_RUNPATH_SEARCH_PATHS = "$(inherited) @executable_path/Frameworks";
				PRODUCT_BUNDLE_IDENTIFIER = cps.LocationAndDirection;
				PRODUCT_NAME = "$(TARGET_NAME)";
				SWIFT_VERSION = 3.0;
			};
			name = Release;
		};
		C0F61CE21F41696100F641E3 /* Debug */ = {
			isa = XCBuildConfiguration;
			buildSettings = {
				ALWAYS_EMBED_SWIFT_STANDARD_LIBRARIES = YES;
				BUNDLE_LOADER = "$(TEST_HOST)";
				DEVELOPMENT_TEAM = Z793E54W8T;
				INFOPLIST_FILE = LocationAndDirectionTests/Info.plist;
				LD_RUNPATH_SEARCH_PATHS = "$(inherited) @executable_path/Frameworks @loader_path/Frameworks";
				PRODUCT_BUNDLE_IDENTIFIER = cps.LocationAndDirectionTests;
				PRODUCT_NAME = "$(TARGET_NAME)";
				SWIFT_VERSION = 3.0;
				TEST_HOST = "$(BUILT_PRODUCTS_DIR)/LocationAndDirection.app/LocationAndDirection";
			};
			name = Debug;
		};
		C0F61CE31F41696100F641E3 /* Release */ = {
			isa = XCBuildConfiguration;
			buildSettings = {
				ALWAYS_EMBED_SWIFT_STANDARD_LIBRARIES = YES;
				BUNDLE_LOADER = "$(TEST_HOST)";
				DEVELOPMENT_TEAM = Z793E54W8T;
				INFOPLIST_FILE = LocationAndDirectionTests/Info.plist;
				LD_RUNPATH_SEARCH_PATHS = "$(inherited) @executable_path/Frameworks @loader_path/Frameworks";
				PRODUCT_BUNDLE_IDENTIFIER = cps.LocationAndDirectionTests;
				PRODUCT_NAME = "$(TARGET_NAME)";
				SWIFT_VERSION = 3.0;
				TEST_HOST = "$(BUILT_PRODUCTS_DIR)/LocationAndDirection.app/LocationAndDirection";
			};
			name = Release;
		};
		C0F61CE51F41696100F641E3 /* Debug */ = {
			isa = XCBuildConfiguration;
			buildSettings = {
				ALWAYS_EMBED_SWIFT_STANDARD_LIBRARIES = YES;
				DEVELOPMENT_TEAM = Z793E54W8T;
				INFOPLIST_FILE = LocationAndDirectionUITests/Info.plist;
				LD_RUNPATH_SEARCH_PATHS = "$(inherited) @executable_path/Frameworks @loader_path/Frameworks";
				PRODUCT_BUNDLE_IDENTIFIER = cps.LocationAndDirectionUITests;
				PRODUCT_NAME = "$(TARGET_NAME)";
				SWIFT_VERSION = 3.0;
				TEST_TARGET_NAME = LocationAndDirection;
			};
			name = Debug;
		};
		C0F61CE61F41696100F641E3 /* Release */ = {
			isa = XCBuildConfiguration;
			buildSettings = {
				ALWAYS_EMBED_SWIFT_STANDARD_LIBRARIES = YES;
				DEVELOPMENT_TEAM = Z793E54W8T;
				INFOPLIST_FILE = LocationAndDirectionUITests/Info.plist;
				LD_RUNPATH_SEARCH_PATHS = "$(inherited) @executable_path/Frameworks @loader_path/Frameworks";
				PRODUCT_BUNDLE_IDENTIFIER = cps.LocationAndDirectionUITests;
				PRODUCT_NAME = "$(TARGET_NAME)";
				SWIFT_VERSION = 3.0;
				TEST_TARGET_NAME = LocationAndDirection;
			};
			name = Release;
		};
/* End XCBuildConfiguration section */

/* Begin XCConfigurationList section */
		C0F61CB11F41696100F641E3 /* Build configuration list for PBXProject "LocationAndDirection" */ = {
			isa = XCConfigurationList;
			buildConfigurations = (
				C0F61CDC1F41696100F641E3 /* Debug */,
				C0F61CDD1F41696100F641E3 /* Release */,
			);
			defaultConfigurationIsVisible = 0;
			defaultConfigurationName = Release;
		};
		C0F61CDE1F41696100F641E3 /* Build configuration list for PBXNativeTarget "LocationAndDirection" */ = {
			isa = XCConfigurationList;
			buildConfigurations = (
				C0F61CDF1F41696100F641E3 /* Debug */,
				C0F61CE01F41696100F641E3 /* Release */,
			);
			defaultConfigurationIsVisible = 0;
			defaultConfigurationName = Release;
		};
		C0F61CE11F41696100F641E3 /* Build configuration list for PBXNativeTarget "LocationAndDirectionTests" */ = {
			isa = XCConfigurationList;
			buildConfigurations = (
				C0F61CE21F41696100F641E3 /* Debug */,
				C0F61CE31F41696100F641E3 /* Release */,
			);
			defaultConfigurationIsVisible = 0;
			defaultConfigurationName = Release;
		};
		C0F61CE41F41696100F641E3 /* Build configuration list for PBXNativeTarget "LocationAndDirectionUITests" */ = {
			isa = XCConfigurationList;
			buildConfigurations = (
				C0F61CE51F41696100F641E3 /* Debug */,
				C0F61CE61F41696100F641E3 /* Release */,
			);
			defaultConfigurationIsVisible = 0;
			defaultConfigurationName = Release;
		};
/* End XCConfigurationList section */
	};
	rootObject = C0F61CAE1F41696100F641E3 /* Project object */;
}
